// !$*UTF8*$!
{
	archiveVersion = 1;
	classes = {
	};
	objectVersion = 56;
	objects = {

/* Begin PBXBuildFile section */
		37BB9660292BEC4C00F08F5C /* AppDelegate.swift in Sources */ = {isa = PBXBuildFile; fileRef = 37BB965F292BEC4C00F08F5C /* AppDelegate.swift */; };
		37BB9662292BEC4C00F08F5C /* SceneDelegate.swift in Sources */ = {isa = PBXBuildFile; fileRef = 37BB9661292BEC4C00F08F5C /* SceneDelegate.swift */; };
		37BB9664292BEC4C00F08F5C /* HomeViewController.swift in Sources */ = {isa = PBXBuildFile; fileRef = 37BB9663292BEC4C00F08F5C /* HomeViewController.swift */; };
		37BB9667292BEC4C00F08F5C /* Main.storyboard in Resources */ = {isa = PBXBuildFile; fileRef = 37BB9665292BEC4C00F08F5C /* Main.storyboard */; };
		37BB9669292BEC5300F08F5C /* Assets.xcassets in Resources */ = {isa = PBXBuildFile; fileRef = 37BB9668292BEC5300F08F5C /* Assets.xcassets */; };
		37BB966C292BEC5300F08F5C /* LaunchScreen.storyboard in Resources */ = {isa = PBXBuildFile; fileRef = 37BB966A292BEC5300F08F5C /* LaunchScreen.storyboard */; };
		37BB967E292BED6800F08F5C /* ToDoTableViewCell.swift in Sources */ = {isa = PBXBuildFile; fileRef = 37BB967C292BED6800F08F5C /* ToDoTableViewCell.swift */; };
		37BB967F292BED6800F08F5C /* ToDoTableViewCell.xib in Resources */ = {isa = PBXBuildFile; fileRef = 37BB967D292BED6800F08F5C /* ToDoTableViewCell.xib */; };
		37BB9681292BF02F00F08F5C /* CreateToDoViewController.swift in Sources */ = {isa = PBXBuildFile; fileRef = 37BB9680292BF02F00F08F5C /* CreateToDoViewController.swift */; };
/* End PBXBuildFile section */

/* Begin PBXFileReference section */
		37BB965C292BEC4C00F08F5C /* ToDo.app */ = {isa = PBXFileReference; explicitFileType = wrapper.application; includeInIndex = 0; path = ToDo.app; sourceTree = BUILT_PRODUCTS_DIR; };
		37BB965F292BEC4C00F08F5C /* AppDelegate.swift */ = {isa = PBXFileReference; lastKnownFileType = sourcecode.swift; path = AppDelegate.swift; sourceTree = "<group>"; };
		37BB9661292BEC4C00F08F5C /* SceneDelegate.swift */ = {isa = PBXFileReference; lastKnownFileType = sourcecode.swift; path = SceneDelegate.swift; sourceTree = "<group>"; };
		37BB9663292BEC4C00F08F5C /* HomeViewController.swift */ = {isa = PBXFileReference; lastKnownFileType = sourcecode.swift; path = HomeViewController.swift; sourceTree = "<group>"; };
		37BB9666292BEC4C00F08F5C /* Base */ = {isa = PBXFileReference; lastKnownFileType = file.storyboard; name = Base; path = Base.lproj/Main.storyboard; sourceTree = "<group>"; };
		37BB9668292BEC5300F08F5C /* Assets.xcassets */ = {isa = PBXFileReference; lastKnownFileType = folder.assetcatalog; path = Assets.xcassets; sourceTree = "<group>"; };
		37BB966B292BEC5300F08F5C /* Base */ = {isa = PBXFileReference; lastKnownFileType = file.storyboard; name = Base; path = Base.lproj/LaunchScreen.storyboard; sourceTree = "<group>"; };
		37BB966D292BEC5300F08F5C /* Info.plist */ = {isa = PBXFileReference; lastKnownFileType = text.plist.xml; path = Info.plist; sourceTree = "<group>"; };
		37BB967C292BED6800F08F5C /* ToDoTableViewCell.swift */ = {isa = PBXFileReference; fileEncoding = 4; lastKnownFileType = sourcecode.swift; path = ToDoTableViewCell.swift; sourceTree = "<group>"; };
		37BB967D292BED6800F08F5C /* ToDoTableViewCell.xib */ = {isa = PBXFileReference; fileEncoding = 4; lastKnownFileType = file.xib; path = ToDoTableViewCell.xib; sourceTree = "<group>"; };
		37BB9680292BF02F00F08F5C /* CreateToDoViewController.swift */ = {isa = PBXFileReference; lastKnownFileType = sourcecode.swift; path = CreateToDoViewController.swift; sourceTree = "<group>"; };
/* End PBXFileReference section */

/* Begin PBXFrameworksBuildPhase section */
		37BB9659292BEC4C00F08F5C /* Frameworks */ = {
			isa = PBXFrameworksBuildPhase;
			buildActionMask = 2147483647;
			files = (
			);
			runOnlyForDeploymentPostprocessing = 0;
		};
/* End PBXFrameworksBuildPhase section */

/* Begin PBXGroup section */
		37BB9653292BEC4C00F08F5C = {
			isa = PBXGroup;
			children = (
				37BB965E292BEC4C00F08F5C /* ToDo */,
				37BB965D292BEC4C00F08F5C /* Products */,
			);
			sourceTree = "<group>";
		};
		37BB965D292BEC4C00F08F5C /* Products */ = {
			isa = PBXGroup;
			children = (
				37BB965C292BEC4C00F08F5C /* ToDo.app */,
			);
			name = Products;
			sourceTree = "<group>";
		};
		37BB965E292BEC4C00F08F5C /* ToDo */ = {
			isa = PBXGroup;
			children = (
				37BB9677292BED2A00F08F5C /* cell */,
				37BB9673292BECD400F08F5C /* Model */,
				37BB9674292BECD900F08F5C /* View */,
				37BB9675292BECDF00F08F5C /* Controller */,
				37BB9668292BEC5300F08F5C /* Assets.xcassets */,
				37BB966D292BEC5300F08F5C /* Info.plist */,
			);
			path = ToDo;
			sourceTree = "<group>";
		};
		37BB9673292BECD400F08F5C /* Model */ = {
			isa = PBXGroup;
			children = (
			);
			path = Model;
			sourceTree = "<group>";
		};
		37BB9674292BECD900F08F5C /* View */ = {
			isa = PBXGroup;
			children = (
				37BB966A292BEC5300F08F5C /* LaunchScreen.storyboard */,
				37BB9665292BEC4C00F08F5C /* Main.storyboard */,
			);
			path = View;
			sourceTree = "<group>";
		};
		37BB9675292BECDF00F08F5C /* Controller */ = {
			isa = PBXGroup;
			children = (
				37BB9663292BEC4C00F08F5C /* HomeViewController.swift */,
				37BB9676292BECE900F08F5C /* delegetes */,
				37BB9680292BF02F00F08F5C /* CreateToDoViewController.swift */,
			);
			path = Controller;
			sourceTree = "<group>";
		};
		37BB9676292BECE900F08F5C /* delegetes */ = {
			isa = PBXGroup;
			children = (
				37BB9661292BEC4C00F08F5C /* SceneDelegate.swift */,
				37BB965F292BEC4C00F08F5C /* AppDelegate.swift */,
			);
			path = delegetes;
			sourceTree = "<group>";
		};
		37BB9677292BED2A00F08F5C /* cell */ = {
			isa = PBXGroup;
			children = (
				37BB967C292BED6800F08F5C /* ToDoTableViewCell.swift */,
				37BB967D292BED6800F08F5C /* ToDoTableViewCell.xib */,
			);
			path = cell;
			sourceTree = "<group>";
		};
/* End PBXGroup section */

/* Begin PBXNativeTarget section */
		37BB965B292BEC4C00F08F5C /* ToDo */ = {
			isa = PBXNativeTarget;
			buildConfigurationList = 37BB9670292BEC5300F08F5C /* Build configuration list for PBXNativeTarget "ToDo" */;
			buildPhases = (
				37BB9658292BEC4C00F08F5C /* Sources */,
				37BB9659292BEC4C00F08F5C /* Frameworks */,
				37BB965A292BEC4C00F08F5C /* Resources */,
			);
			buildRules = (
			);
			dependencies = (
			);
			name = ToDo;
			productName = ToDo;
			productReference = 37BB965C292BEC4C00F08F5C /* ToDo.app */;
			productType = "com.apple.product-type.application";
		};
/* End PBXNativeTarget section */

/* Begin PBXProject section */
		37BB9654292BEC4C00F08F5C /* Project object */ = {
			isa = PBXProject;
			attributes = {
				BuildIndependentTargetsInParallel = 1;
				LastSwiftUpdateCheck = 1400;
				LastUpgradeCheck = 1400;
				TargetAttributes = {
					37BB965B292BEC4C00F08F5C = {
						CreatedOnToolsVersion = 14.0.1;
					};
				};
			};
			buildConfigurationList = 37BB9657292BEC4C00F08F5C /* Build configuration list for PBXProject "ToDo" */;
			compatibilityVersion = "Xcode 14.0";
			developmentRegion = en;
			hasScannedForEncodings = 0;
			knownRegions = (
				en,
				Base,
			);
			mainGroup = 37BB9653292BEC4C00F08F5C;
			productRefGroup = 37BB965D292BEC4C00F08F5C /* Products */;
			projectDirPath = "";
			projectRoot = "";
			targets = (
				37BB965B292BEC4C00F08F5C /* ToDo */,
			);
		};
/* End PBXProject section */

/* Begin PBXResourcesBuildPhase section */
		37BB965A292BEC4C00F08F5C /* Resources */ = {
			isa = PBXResourcesBuildPhase;
			buildActionMask = 2147483647;
			files = (
				37BB966C292BEC5300F08F5C /* LaunchScreen.storyboard in Resources */,
				37BB9669292BEC5300F08F5C /* Assets.xcassets in Resources */,
				37BB9667292BEC4C00F08F5C /* Main.storyboard in Resources */,
				37BB967F292BED6800F08F5C /* ToDoTableViewCell.xib in Resources */,
			);
			runOnlyForDeploymentPostprocessing = 0;
		};
/* End PBXResourcesBuildPhase section */

/* Begin PBXSourcesBuildPhase section */
		37BB9658292BEC4C00F08F5C /* Sources */ = {
			isa = PBXSourcesBuildPhase;
			buildActionMask = 2147483647;
			files = (
				37BB9664292BEC4C00F08F5C /* HomeViewController.swift in Sources */,
				37BB9660292BEC4C00F08F5C /* AppDelegate.swift in Sources */,
				37BB9681292BF02F00F08F5C /* CreateToDoViewController.swift in Sources */,
				37BB9662292BEC4C00F08F5C /* SceneDelegate.swift in Sources */,
				37BB967E292BED6800F08F5C /* ToDoTableViewCell.swift in Sources */,
			);
			runOnlyForDeploymentPostprocessing = 0;
		};
/* End PBXSourcesBuildPhase section */

/* Begin PBXVariantGroup section */
		37BB9665292BEC4C00F08F5C /* Main.storyboard */ = {
			isa = PBXVariantGroup;
			children = (
				37BB9666292BEC4C00F08F5C /* Base */,
			);
			name = Main.storyboard;
			sourceTree = "<group>";
		};
		37BB966A292BEC5300F08F5C /* LaunchScreen.storyboard */ = {
			isa = PBXVariantGroup;
			children = (
				37BB966B292BEC5300F08F5C /* Base */,
			);
			name = LaunchScreen.storyboard;
			sourceTree = "<group>";
		};
/* End PBXVariantGroup section */

/* Begin XCBuildConfiguration section */
		37BB966E292BEC5300F08F5C /* Debug */ = {
			isa = XCBuildConfiguration;
			buildSettings = {
				ALWAYS_SEARCH_USER_PATHS = NO;
				CLANG_ANALYZER_NONNULL = YES;
				CLANG_ANALYZER_NUMBER_OBJECT_CONVERSION = YES_AGGRESSIVE;
				CLANG_CXX_LANGUAGE_STANDARD = "gnu++20";
				CLANG_ENABLE_MODULES = YES;
				CLANG_ENABLE_OBJC_ARC = YES;
				CLANG_ENABLE_OBJC_WEAK = YES;
				CLANG_WARN_BLOCK_CAPTURE_AUTORELEASING = YES;
				CLANG_WARN_BOOL_CONVERSION = YES;
				CLANG_WARN_COMMA = YES;
				CLANG_WARN_CONSTANT_CONVERSION = YES;
				CLANG_WARN_DEPRECATED_OBJC_IMPLEMENTATIONS = YES;
				CLANG_WARN_DIRECT_OBJC_ISA_USAGE = YES_ERROR;
				CLANG_WARN_DOCUMENTATION_COMMENTS = YES;
				CLANG_WARN_EMPTY_BODY = YES;
				CLANG_WARN_ENUM_CONVERSION = YES;
				CLANG_WARN_INFINITE_RECURSION = YES;
				CLANG_WARN_INT_CONVERSION = YES;
				CLANG_WARN_NON_LITERAL_NULL_CONVERSION = YES;
				CLANG_WARN_OBJC_IMPLICIT_RETAIN_SELF = YES;
				CLANG_WARN_OBJC_LITERAL_CONVERSION = YES;
				CLANG_WARN_OBJC_ROOT_CLASS = YES_ERROR;
				CLANG_WARN_QUOTED_INCLUDE_IN_FRAMEWORK_HEADER = YES;
				CLANG_WARN_RANGE_LOOP_ANALYSIS = YES;
				CLANG_WARN_STRICT_PROTOTYPES = YES;
				CLANG_WARN_SUSPICIOUS_MOVE = YES;
				CLANG_WARN_UNGUARDED_AVAILABILITY = YES_AGGRESSIVE;
				CLANG_WARN_UNREACHABLE_CODE = YES;
				CLANG_WARN__DUPLICATE_METHOD_MATCH = YES;
				COPY_PHASE_STRIP = NO;
				DEBUG_INFORMATION_FORMAT = dwarf;
				ENABLE_STRICT_OBJC_MSGSEND = YES;
				ENABLE_TESTABILITY = YES;
				GCC_C_LANGUAGE_STANDARD = gnu11;
				GCC_DYNAMIC_NO_PIC = NO;
				GCC_NO_COMMON_BLOCKS = YES;
				GCC_OPTIMIZATION_LEVEL = 0;
				GCC_PREPROCESSOR_DEFINITIONS = (
					"DEBUG=1",
					"$(inherited)",
				);
				GCC_WARN_64_TO_32_BIT_CONVERSION = YES;
				GCC_WARN_ABOUT_RETURN_TYPE = YES_ERROR;
				GCC_WARN_UNDECLARED_SELECTOR = YES;
				GCC_WARN_UNINITIALIZED_AUTOS = YES_AGGRESSIVE;
				GCC_WARN_UNUSED_FUNCTION = YES;
				GCC_WARN_UNUSED_VARIABLE = YES;
				IPHONEOS_DEPLOYMENT_TARGET = 16.0;
				MTL_ENABLE_DEBUG_INFO = INCLUDE_SOURCE;
				MTL_FAST_MATH = YES;
				ONLY_ACTIVE_ARCH = YES;
				SDKROOT = iphoneos;
				SWIFT_ACTIVE_COMPILATION_CONDITIONS = DEBUG;
				SWIFT_OPTIMIZATION_LEVEL = "-Onone";
			};
			name = Debug;
		};
		37BB966F292BEC5300F08F5C /* Release */ = {
			isa = XCBuildConfiguration;
			buildSettings = {
				ALWAYS_SEARCH_USER_PATHS = NO;
				CLANG_ANALYZER_NONNULL = YES;
				CLANG_ANALYZER_NUMBER_OBJECT_CONVERSION = YES_AGGRESSIVE;
				CLANG_CXX_LANGUAGE_STANDARD = "gnu++20";
				CLANG_ENABLE_MODULES = YES;
				CLANG_ENABLE_OBJC_ARC = YES;
				CLANG_ENABLE_OBJC_WEAK = YES;
				CLANG_WARN_BLOCK_CAPTURE_AUTORELEASING = YES;
				CLANG_WARN_BOOL_CONVERSION = YES;
				CLANG_WARN_COMMA = YES;
				CLANG_WARN_CONSTANT_CONVERSION = YES;
				CLANG_WARN_DEPRECATED_OBJC_IMPLEMENTATIONS = YES;
				CLANG_WARN_DIRECT_OBJC_ISA_USAGE = YES_ERROR;
				CLANG_WARN_DOCUMENTATION_COMMENTS = YES;
				CLANG_WARN_EMPTY_BODY = YES;
				CLANG_WARN_ENUM_CONVERSION = YES;
				CLANG_WARN_INFINITE_RECURSION = YES;
				CLANG_WARN_INT_CONVERSION = YES;
				CLANG_WARN_NON_LITERAL_NULL_CONVERSION = YES;
				CLANG_WARN_OBJC_IMPLICIT_RETAIN_SELF = YES;
				CLANG_WARN_OBJC_LITERAL_CONVERSION = YES;
				CLANG_WARN_OBJC_ROOT_CLASS = YES_ERROR;
				CLANG_WARN_QUOTED_INCLUDE_IN_FRAMEWORK_HEADER = YES;
				CLANG_WARN_RANGE_LOOP_ANALYSIS = YES;
				CLANG_WARN_STRICT_PROTOTYPES = YES;
				CLANG_WARN_SUSPICIOUS_MOVE = YES;
				CLANG_WARN_UNGUARDED_AVAILABILITY = YES_AGGRESSIVE;
				CLANG_WARN_UNREACHABLE_CODE = YES;
				CLANG_WARN__DUPLICATE_METHOD_MATCH = YES;
				COPY_PHASE_STRIP = NO;
				DEBUG_INFORMATION_FORMAT = "dwarf-with-dsym";
				ENABLE_NS_ASSERTIONS = NO;
				ENABLE_STRICT_OBJC_MSGSEND = YES;
				GCC_C_LANGUAGE_STANDARD = gnu11;
				GCC_NO_COMMON_BLOCKS = YES;
				GCC_WARN_64_TO_32_BIT_CONVERSION = YES;
				GCC_WARN_ABOUT_RETURN_TYPE = YES_ERROR;
				GCC_WARN_UNDECLARED_SELECTOR = YES;
				GCC_WARN_UNINITIALIZED_AUTOS = YES_AGGRESSIVE;
				GCC_WARN_UNUSED_FUNCTION = YES;
				GCC_WARN_UNUSED_VARIABLE = YES;
				IPHONEOS_DEPLOYMENT_TARGET = 16.0;
				MTL_ENABLE_DEBUG_INFO = NO;
				MTL_FAST_MATH = YES;
				SDKROOT = iphoneos;
				SWIFT_COMPILATION_MODE = wholemodule;
				SWIFT_OPTIMIZATION_LEVEL = "-O";
				VALIDATE_PRODUCT = YES;
			};
			name = Release;
		};
		37BB9671292BEC5300F08F5C /* Debug */ = {
			isa = XCBuildConfiguration;
			buildSettings = {
				ASSETCATALOG_COMPILER_APPICON_NAME = AppIcon;
				ASSETCATALOG_COMPILER_GLOBAL_ACCENT_COLOR_NAME = AccentColor;
				CODE_SIGN_STYLE = Automatic;
				CURRENT_PROJECT_VERSION = 1;
				GENERATE_INFOPLIST_FILE = YES;
				INFOPLIST_FILE = ToDo/Info.plist;
				INFOPLIST_KEY_UIApplicationSupportsIndirectInputEvents = YES;
				INFOPLIST_KEY_UILaunchStoryboardName = LaunchScreen;
				INFOPLIST_KEY_UIMainStoryboardFile = Main;
				INFOPLIST_KEY_UISupportedInterfaceOrientations_iPad = "UIInterfaceOrientationPortrait UIInterfaceOrientationPortraitUpsideDown UIInterfaceOrientationLandscapeLeft UIInterfaceOrientationLandscapeRight";
				INFOPLIST_KEY_UISupportedInterfaceOrientations_iPhone = "UIInterfaceOrientationPortrait UIInterfaceOrientationLandscapeLeft UIInterfaceOrientationLandscapeRight";
				LD_RUNPATH_SEARCH_PATHS = (
					"$(inherited)",
					"@executable_path/Frameworks",
				);
				MARKETING_VERSION = 1.0;
				PRODUCT_BUNDLE_IDENTIFIER = com.ToDo;
				PRODUCT_NAME = "$(TARGET_NAME)";
				SWIFT_EMIT_LOC_STRINGS = YES;
				SWIFT_VERSION = 5.0;
				TARGETED_DEVICE_FAMILY = "1,2";
			};
			name = Debug;
		};
		37BB9672292BEC5300F08F5C /* Release */ = {
			isa = XCBuildConfiguration;
			buildSettings = {
				ASSETCATALOG_COMPILER_APPICON_NAME = AppIcon;
				ASSETCATALOG_COMPILER_GLOBAL_ACCENT_COLOR_NAME = AccentColor;
				CODE_SIGN_STYLE = Automatic;
				CURRENT_PROJECT_VERSION = 1;
				GENERATE_INFOPLIST_FILE = YES;
				INFOPLIST_FILE = ToDo/Info.plist;
				INFOPLIST_KEY_UIApplicationSupportsIndirectInputEvents = YES;
				INFOPLIST_KEY_UILaunchStoryboardName = LaunchScreen;
				INFOPLIST_KEY_UIMainStoryboardFile = Main;
				INFOPLIST_KEY_UISupportedInterfaceOrientations_iPad = "UIInterfaceOrientationPortrait UIInterfaceOrientationPortraitUpsideDown UIInterfaceOrientationLandscapeLeft UIInterfaceOrientationLandscapeRight";
				INFOPLIST_KEY_UISupportedInterfaceOrientations_iPhone = "UIInterfaceOrientationPortrait UIInterfaceOrientationLandscapeLeft UIInterfaceOrientationLandscapeRight";
				LD_RUNPATH_SEARCH_PATHS = (
					"$(inherited)",
					"@executable_path/Frameworks",
				);
				MARKETING_VERSION = 1.0;
				PRODUCT_BUNDLE_IDENTIFIER = com.ToDo;
				PRODUCT_NAME = "$(TARGET_NAME)";
				SWIFT_EMIT_LOC_STRINGS = YES;
				SWIFT_VERSION = 5.0;
				TARGETED_DEVICE_FAMILY = "1,2";
			};
			name = Release;
		};
/* End XCBuildConfiguration section */

/* Begin XCConfigurationList section */
		37BB9657292BEC4C00F08F5C /* Build configuration list for PBXProject "ToDo" */ = {
			isa = XCConfigurationList;
			buildConfigurations = (
				37BB966E292BEC5300F08F5C /* Debug */,
				37BB966F292BEC5300F08F5C /* Release */,
			);
			defaultConfigurationIsVisible = 0;
			defaultConfigurationName = Release;
		};
		37BB9670292BEC5300F08F5C /* Build configuration list for PBXNativeTarget "ToDo" */ = {
			isa = XCConfigurationList;
			buildConfigurations = (
				37BB9671292BEC5300F08F5C /* Debug */,
				37BB9672292BEC5300F08F5C /* Release */,
			);
			defaultConfigurationIsVisible = 0;
			defaultConfigurationName = Release;
		};
/* End XCConfigurationList section */
	};
	rootObject = 37BB9654292BEC4C00F08F5C /* Project object */;
}
